{"v":3,"d":"XjKyOj2jM7VTuaHAjdiGkGWbzME9ruA1q5gphwmSPVoxtM5S4D39C10UEfD5X1pQ3R83j+pDY5kwPe6wJsqFbz+azUv+CoOR7ZCYjz2WlpwX+lNQHaI9iHMXZFtMXjTbe4XU1KLdYtbaSL6/AyjMfXO4UlpsMAIgnnDgzUnwzg80Zn4q7BOCJL0LLiObwad9WnhdA7a8Ky5Cs/jAc8s2VaFg0KoMI8euUfi37KCJdt18DFvA1ZsaowJ51EY2maZKGgo=","s":"a+DL0HLZzXgGJK9oEj28kBNwg9nx1PDJVaTbcyMO7sZl/y+ROsOH9iRoru8SUrK9LSGn8kF3dUFEZbphl3zRBA=="}