{"v":3,"d":"UT67W8SO//F+4rpM7sb//3SEkrDw96ZZi3LO/DxbwEIze3m35faMFVW3c8uN3gG2hgeblbihRWMpeRR9ERARG9oA7tNlRNwO4JYF9k5t32Ae6toeHCPE5azZ5/XN+cHu+lmmFzYkaBMgn7L01jZ5NL56MUQBOHd6RlYppUAPh/Dplf47Et5xxLSsSlcEXYu3Juwosgm1dBWjehEq4DCn3fcXQMP3k55Z959qKD5RxTKJdl1Nme/vhzy6TTyGBpraVS0=","s":"hgVO2QRkQkvpxC9y/mBXaRk4rBv5ZMzd999Z2t5jYlEu78C8n5BBE5lVfmom4+Oe5+XSVSCpAejKMhfm9g9ZCQ=="}