{"v":3,"d":"cn+4asxmw+0Vi43KzGFNOQd6EnUB1ZK0eqHw0zA/pC8nmeJ+mqojN2Y3hX7S4PMjM244x1C/uio7djWjb/GKMz4oJNAxrpW+cAkUEGCyMRpfcRK4fvHLaDDd/tj9tolPec2u0qhcZ5jAxXm9r57E3zbVRjwUgj9IrqBDkQBRzf4DNXrYPj3z7LyY+MzN6ECxMSU8yusqokm7BKZAOQG4Ig2h5O9A87Ho1YrvNZiEfqfq5KY6eOeDGxTfgRVj1f4QKNHJv2Fsxc7yB5dK+Bsp4e9a1vfj35uHq1AGZS3wv4xNhswWWuT3SiQ=","s":"ly0qbiesa9Qw9XUJi+VFnwdZ/J/MUuexlg6/lwKg7e14C3ZCRceciknWcbbyrGxZkKAzMycgW+NR74K8xZDNAA=="}